
Microsoft Visual Studio Solution File, Format Version 12.00
Project("{FAE04EC0-301F-11D3-BF4B-00C04F79EFBC}") = "arduweatherDashboard", "arduweatherDashboard\arduweatherDashboard.csproj", "{2E1BDA7E-F0C0-49CC-B7F6-FD3AB845E8FC}"
EndProject
Global
	GlobalSection(SolutionConfigurationPlatforms) = preSolution
		Debug|Any CPU = Debug|Any CPU
		Release|Any CPU = Release|Any CPU
	EndGlobalSection
	GlobalSection(ProjectConfigurationPlatforms) = postSolution
		{2E1BDA7E-F0C0-49CC-B7F6-FD3AB845E8FC}.Debug|Any CPU.ActiveCfg = Debug|Any CPU
		{2E1BDA7E-F0C0-49CC-B7F6-FD3AB845E8FC}.Debug|Any CPU.Build.0 = Debug|Any CPU
		{2E1BDA7E-F0C0-49CC-B7F6-FD3AB845E8FC}.Release|Any CPU.ActiveCfg = Release|Any CPU
		{2E1BDA7E-F0C0-49CC-B7F6-FD3AB845E8FC}.Release|Any CPU.Build.0 = Release|Any CPU
	EndGlobalSection
EndGlobal
